
Microsoft Visual Studio Solution File, Format Version 12.00
# Visual Studio Version 17
VisualStudioVersion = 17.4.33213.308
MinimumVisualStudioVersion = 10.0.40219.1
Project("{2150E333-8FDC-42A3-9474-1A3956D46DE8}") = "Solution Items", "Solution Items", "{1834A18D-4D28-4184-908A-0335F372C2EB}"
	ProjectSection(SolutionItems) = preProject
		ServiceUrls.txt = ServiceUrls.txt
	EndProjectSection
EndProject
Project("{2150E333-8FDC-42A3-9474-1A3956D46DE8}") = "src", "src", "{5E7D3EE8-FD48-4325-AB10-AC4384C87E2B}"
EndProject
Project("{2150E333-8FDC-42A3-9474-1A3956D46DE8}") = "ApiGateways", "ApiGateways", "{37B760FA-3252-4D0E-84B3-2F41C6686CAA}"
EndProject
Project("{2150E333-8FDC-42A3-9474-1A3956D46DE8}") = "BuildingBlocks", "BuildingBlocks", "{82274ABB-656A-44FD-9E42-B55A1088FE49}"
EndProject
Project("{2150E333-8FDC-42A3-9474-1A3956D46DE8}") = "Services", "Services", "{1521E423-C85C-460F-A8F4-934B1554C0B3}"
EndProject
Project("{2150E333-8FDC-42A3-9474-1A3956D46DE8}") = "Clients", "Clients", "{8F121714-CE16-4CF9-A12C-2A250A89B6BC}"
EndProject
Project("{2150E333-8FDC-42A3-9474-1A3956D46DE8}") = "WebApiGateway", "WebApiGateway", "{56F7D01F-6A8F-46B0-839C-80461259FD47}"
EndProject
Project("{FAE04EC0-301F-11D3-BF4B-00C04F79EFBC}") = "Web.ApiGateway", "src\ApiGateways\WebApiGateway\Web.ApiGateway\Web.ApiGateway.csproj", "{FC3E67B3-55FD-4F1F-81F0-740DD6EA74D5}"
EndProject
Project("{2150E333-8FDC-42A3-9474-1A3956D46DE8}") = "EventBus", "EventBus", "{3CF14B03-86CA-446C-9737-F61862CD9C07}"
EndProject
Project("{FAE04EC0-301F-11D3-BF4B-00C04F79EFBC}") = "EventBus.Base", "src\BuildingBlocks\EventBus\EventBus.Base\EventBus.Base.csproj", "{CF7427BC-74DD-4BC8-B44D-5CDBB2591704}"
EndProject
Project("{FAE04EC0-301F-11D3-BF4B-00C04F79EFBC}") = "EventBus.Factory", "src\BuildingBlocks\EventBus\EventBus.Factory\EventBus.Factory.csproj", "{99FDB021-D260-4299-92EB-316DB6A9F71C}"
EndProject
Project("{FAE04EC0-301F-11D3-BF4B-00C04F79EFBC}") = "EventBus.AzureServiceBus", "src\BuildingBlocks\EventBus\EventBus.AzureServiceBus\EventBus.AzureServiceBus.csproj", "{27AAAB64-5EB5-4F3A-A120-FA3CEC97F52A}"
EndProject
Project("{FAE04EC0-301F-11D3-BF4B-00C04F79EFBC}") = "EventBus.RabbitMQ", "src\BuildingBlocks\EventBus\EventBus.RabbitMQ\EventBus.RabbitMQ.csproj", "{1BCFC722-3E55-40E2-ACAE-D9BE56B14649}"
EndProject
Project("{2150E333-8FDC-42A3-9474-1A3956D46DE8}") = "BlazorWebApp", "BlazorWebApp", "{82AA925F-3BFF-4E1B-902A-2FA66C89E498}"
EndProject
Project("{FAE04EC0-301F-11D3-BF4B-00C04F79EFBC}") = "WebApp", "Clients\BlazorWebApp\WebApp\WebApp.csproj", "{8DD98D6A-F0FC-4886-8113-EA5AB49027F5}"
EndProject
Project("{2150E333-8FDC-42A3-9474-1A3956D46DE8}") = "BasketService", "BasketService", "{215C1EF7-7266-4A39-AB40-4064FA74F7E7}"
EndProject
Project("{FAE04EC0-301F-11D3-BF4B-00C04F79EFBC}") = "BasketService.Api", "src\Services\BasketService\BasketService.Api\BasketService.Api.csproj", "{A6562D8D-650D-4BBA-A743-51761ED86DCB}"
EndProject
Project("{2150E333-8FDC-42A3-9474-1A3956D46DE8}") = "CatalogService", "CatalogService", "{B51C8800-BF4E-4A46-B0D1-F06475A291D4}"
EndProject
Project("{FAE04EC0-301F-11D3-BF4B-00C04F79EFBC}") = "CatalogService.Api", "src\Services\CatalogService\CatalogService.Api\CatalogService.Api.csproj", "{E84BE9FB-CA50-4EAF-BDD4-AEB35BBB5CC3}"
EndProject
Project("{2150E333-8FDC-42A3-9474-1A3956D46DE8}") = "IdentityService", "IdentityService", "{6965642D-A0F3-4499-A2B7-FFC5AC878065}"
EndProject
Project("{FAE04EC0-301F-11D3-BF4B-00C04F79EFBC}") = "IdentityService.Api", "src\Services\IdentityService\IdentityService.Api\IdentityService.Api.csproj", "{279C84A6-CC52-4C2F-B5AE-1F06A5900CE7}"
EndProject
Project("{2150E333-8FDC-42A3-9474-1A3956D46DE8}") = "NotificationService", "NotificationService", "{603E8BD2-FE0E-45DA-ACC0-F49D5EF79F2D}"
EndProject
Project("{FAE04EC0-301F-11D3-BF4B-00C04F79EFBC}") = "NotificationService", "src\Services\NotificationService\NotificationService\NotificationService.csproj", "{97829F0F-DEE3-4165-A5C7-A3AB865EECC9}"
EndProject
Project("{2150E333-8FDC-42A3-9474-1A3956D46DE8}") = "OrderService", "OrderService", "{26069D8B-2B90-4BB3-8FCE-BA47A34ABBD0}"
EndProject
Project("{FAE04EC0-301F-11D3-BF4B-00C04F79EFBC}") = "OrderService.Application", "src\Services\OrderService\OrderService.Application\OrderService.Application.csproj", "{9B5961E0-BBFA-4554-9AF5-43F180F93C1B}"
EndProject
Project("{FAE04EC0-301F-11D3-BF4B-00C04F79EFBC}") = "OrderService.Domain", "src\Services\OrderService\OrderService.Domain\OrderService.Domain.csproj", "{CA6FCEF8-BEEC-4405-88BF-573743731079}"
EndProject
Project("{FAE04EC0-301F-11D3-BF4B-00C04F79EFBC}") = "OrderService.Infrastructure", "src\Services\OrderService\OrderService.Infrastructure\OrderService.Infrastructure.csproj", "{AE99EBAD-76E7-4736-B4D1-84C4CBF758F1}"
EndProject
Project("{FAE04EC0-301F-11D3-BF4B-00C04F79EFBC}") = "OrderService.Api", "src\Services\OrderService\OrderService.Api\OrderService.Api.csproj", "{B3944D64-BBA7-4B50-A226-C18DAC0E8328}"
EndProject
Project("{2150E333-8FDC-42A3-9474-1A3956D46DE8}") = "PaymentService", "PaymentService", "{E30C54A4-CC00-4EF8-A1E5-03A47B4A91DF}"
EndProject
Project("{FAE04EC0-301F-11D3-BF4B-00C04F79EFBC}") = "PaymentService.Api", "src\Services\PaymentService\PaymentService.Api\PaymentService.Api.csproj", "{FD018087-E15E-47D2-9853-65F35C0AD141}"
EndProject
Global
	GlobalSection(SolutionConfigurationPlatforms) = preSolution
		Debug|Any CPU = Debug|Any CPU
		Release|Any CPU = Release|Any CPU
	EndGlobalSection
	GlobalSection(ProjectConfigurationPlatforms) = postSolution
		{FC3E67B3-55FD-4F1F-81F0-740DD6EA74D5}.Debug|Any CPU.ActiveCfg = Debug|Any CPU
		{FC3E67B3-55FD-4F1F-81F0-740DD6EA74D5}.Debug|Any CPU.Build.0 = Debug|Any CPU
		{FC3E67B3-55FD-4F1F-81F0-740DD6EA74D5}.Release|Any CPU.ActiveCfg = Release|Any CPU
		{FC3E67B3-55FD-4F1F-81F0-740DD6EA74D5}.Release|Any CPU.Build.0 = Release|Any CPU
		{CF7427BC-74DD-4BC8-B44D-5CDBB2591704}.Debug|Any CPU.ActiveCfg = Debug|Any CPU
		{CF7427BC-74DD-4BC8-B44D-5CDBB2591704}.Debug|Any CPU.Build.0 = Debug|Any CPU
		{CF7427BC-74DD-4BC8-B44D-5CDBB2591704}.Release|Any CPU.ActiveCfg = Release|Any CPU
		{CF7427BC-74DD-4BC8-B44D-5CDBB2591704}.Release|Any CPU.Build.0 = Release|Any CPU
		{99FDB021-D260-4299-92EB-316DB6A9F71C}.Debug|Any CPU.ActiveCfg = Debug|Any CPU
		{99FDB021-D260-4299-92EB-316DB6A9F71C}.Debug|Any CPU.Build.0 = Debug|Any CPU
		{99FDB021-D260-4299-92EB-316DB6A9F71C}.Release|Any CPU.ActiveCfg = Release|Any CPU
		{99FDB021-D260-4299-92EB-316DB6A9F71C}.Release|Any CPU.Build.0 = Release|Any CPU
		{27AAAB64-5EB5-4F3A-A120-FA3CEC97F52A}.Debug|Any CPU.ActiveCfg = Debug|Any CPU
		{27AAAB64-5EB5-4F3A-A120-FA3CEC97F52A}.Debug|Any CPU.Build.0 = Debug|Any CPU
		{27AAAB64-5EB5-4F3A-A120-FA3CEC97F52A}.Release|Any CPU.ActiveCfg = Release|Any CPU
		{27AAAB64-5EB5-4F3A-A120-FA3CEC97F52A}.Release|Any CPU.Build.0 = Release|Any CPU
		{1BCFC722-3E55-40E2-ACAE-D9BE56B14649}.Debug|Any CPU.ActiveCfg = Debug|Any CPU
		{1BCFC722-3E55-40E2-ACAE-D9BE56B14649}.Debug|Any CPU.Build.0 = Debug|Any CPU
		{1BCFC722-3E55-40E2-ACAE-D9BE56B14649}.Release|Any CPU.ActiveCfg = Release|Any CPU
		{1BCFC722-3E55-40E2-ACAE-D9BE56B14649}.Release|Any CPU.Build.0 = Release|Any CPU
		{8DD98D6A-F0FC-4886-8113-EA5AB49027F5}.Debug|Any CPU.ActiveCfg = Debug|Any CPU
		{8DD98D6A-F0FC-4886-8113-EA5AB49027F5}.Debug|Any CPU.Build.0 = Debug|Any CPU
		{8DD98D6A-F0FC-4886-8113-EA5AB49027F5}.Release|Any CPU.ActiveCfg = Release|Any CPU
		{8DD98D6A-F0FC-4886-8113-EA5AB49027F5}.Release|Any CPU.Build.0 = Release|Any CPU
		{A6562D8D-650D-4BBA-A743-51761ED86DCB}.Debug|Any CPU.ActiveCfg = Debug|Any CPU
		{A6562D8D-650D-4BBA-A743-51761ED86DCB}.Debug|Any CPU.Build.0 = Debug|Any CPU
		{A6562D8D-650D-4BBA-A743-51761ED86DCB}.Release|Any CPU.ActiveCfg = Release|Any CPU
		{A6562D8D-650D-4BBA-A743-51761ED86DCB}.Release|Any CPU.Build.0 = Release|Any CPU
		{E84BE9FB-CA50-4EAF-BDD4-AEB35BBB5CC3}.Debug|Any CPU.ActiveCfg = Debug|Any CPU
		{E84BE9FB-CA50-4EAF-BDD4-AEB35BBB5CC3}.Debug|Any CPU.Build.0 = Debug|Any CPU
		{E84BE9FB-CA50-4EAF-BDD4-AEB35BBB5CC3}.Release|Any CPU.ActiveCfg = Release|Any CPU
		{E84BE9FB-CA50-4EAF-BDD4-AEB35BBB5CC3}.Release|Any CPU.Build.0 = Release|Any CPU
		{279C84A6-CC52-4C2F-B5AE-1F06A5900CE7}.Debug|Any CPU.ActiveCfg = Debug|Any CPU
		{279C84A6-CC52-4C2F-B5AE-1F06A5900CE7}.Debug|Any CPU.Build.0 = Debug|Any CPU
		{279C84A6-CC52-4C2F-B5AE-1F06A5900CE7}.Release|Any CPU.ActiveCfg = Release|Any CPU
		{279C84A6-CC52-4C2F-B5AE-1F06A5900CE7}.Release|Any CPU.Build.0 = Release|Any CPU
		{97829F0F-DEE3-4165-A5C7-A3AB865EECC9}.Debug|Any CPU.ActiveCfg = Debug|Any CPU
		{97829F0F-DEE3-4165-A5C7-A3AB865EECC9}.Debug|Any CPU.Build.0 = Debug|Any CPU
		{97829F0F-DEE3-4165-A5C7-A3AB865EECC9}.Release|Any CPU.ActiveCfg = Release|Any CPU
		{97829F0F-DEE3-4165-A5C7-A3AB865EECC9}.Release|Any CPU.Build.0 = Release|Any CPU
		{9B5961E0-BBFA-4554-9AF5-43F180F93C1B}.Debug|Any CPU.ActiveCfg = Debug|Any CPU
		{9B5961E0-BBFA-4554-9AF5-43F180F93C1B}.Debug|Any CPU.Build.0 = Debug|Any CPU
		{9B5961E0-BBFA-4554-9AF5-43F180F93C1B}.Release|Any CPU.ActiveCfg = Release|Any CPU
		{9B5961E0-BBFA-4554-9AF5-43F180F93C1B}.Release|Any CPU.Build.0 = Release|Any CPU
		{CA6FCEF8-BEEC-4405-88BF-573743731079}.Debug|Any CPU.ActiveCfg = Debug|Any CPU
		{CA6FCEF8-BEEC-4405-88BF-573743731079}.Debug|Any CPU.Build.0 = Debug|Any CPU
		{CA6FCEF8-BEEC-4405-88BF-573743731079}.Release|Any CPU.ActiveCfg = Release|Any CPU
		{CA6FCEF8-BEEC-4405-88BF-573743731079}.Release|Any CPU.Build.0 = Release|Any CPU
		{AE99EBAD-76E7-4736-B4D1-84C4CBF758F1}.Debug|Any CPU.ActiveCfg = Debug|Any CPU
		{AE99EBAD-76E7-4736-B4D1-84C4CBF758F1}.Debug|Any CPU.Build.0 = Debug|Any CPU
		{AE99EBAD-76E7-4736-B4D1-84C4CBF758F1}.Release|Any CPU.ActiveCfg = Release|Any CPU
		{AE99EBAD-76E7-4736-B4D1-84C4CBF758F1}.Release|Any CPU.Build.0 = Release|Any CPU
		{B3944D64-BBA7-4B50-A226-C18DAC0E8328}.Debug|Any CPU.ActiveCfg = Debug|Any CPU
		{B3944D64-BBA7-4B50-A226-C18DAC0E8328}.Debug|Any CPU.Build.0 = Debug|Any CPU
		{B3944D64-BBA7-4B50-A226-C18DAC0E8328}.Release|Any CPU.ActiveCfg = Release|Any CPU
		{B3944D64-BBA7-4B50-A226-C18DAC0E8328}.Release|Any CPU.Build.0 = Release|Any CPU
		{FD018087-E15E-47D2-9853-65F35C0AD141}.Debug|Any CPU.ActiveCfg = Debug|Any CPU
		{FD018087-E15E-47D2-9853-65F35C0AD141}.Debug|Any CPU.Build.0 = Debug|Any CPU
		{FD018087-E15E-47D2-9853-65F35C0AD141}.Release|Any CPU.ActiveCfg = Release|Any CPU
		{FD018087-E15E-47D2-9853-65F35C0AD141}.Release|Any CPU.Build.0 = Release|Any CPU
	EndGlobalSection
	GlobalSection(SolutionProperties) = preSolution
		HideSolutionNode = FALSE
	EndGlobalSection
	GlobalSection(NestedProjects) = preSolution
		{37B760FA-3252-4D0E-84B3-2F41C6686CAA} = {5E7D3EE8-FD48-4325-AB10-AC4384C87E2B}
		{82274ABB-656A-44FD-9E42-B55A1088FE49} = {5E7D3EE8-FD48-4325-AB10-AC4384C87E2B}
		{1521E423-C85C-460F-A8F4-934B1554C0B3} = {5E7D3EE8-FD48-4325-AB10-AC4384C87E2B}
		{8F121714-CE16-4CF9-A12C-2A250A89B6BC} = {5E7D3EE8-FD48-4325-AB10-AC4384C87E2B}
		{56F7D01F-6A8F-46B0-839C-80461259FD47} = {37B760FA-3252-4D0E-84B3-2F41C6686CAA}
		{FC3E67B3-55FD-4F1F-81F0-740DD6EA74D5} = {56F7D01F-6A8F-46B0-839C-80461259FD47}
		{3CF14B03-86CA-446C-9737-F61862CD9C07} = {82274ABB-656A-44FD-9E42-B55A1088FE49}
		{CF7427BC-74DD-4BC8-B44D-5CDBB2591704} = {3CF14B03-86CA-446C-9737-F61862CD9C07}
		{99FDB021-D260-4299-92EB-316DB6A9F71C} = {3CF14B03-86CA-446C-9737-F61862CD9C07}
		{27AAAB64-5EB5-4F3A-A120-FA3CEC97F52A} = {3CF14B03-86CA-446C-9737-F61862CD9C07}
		{1BCFC722-3E55-40E2-ACAE-D9BE56B14649} = {3CF14B03-86CA-446C-9737-F61862CD9C07}
		{82AA925F-3BFF-4E1B-902A-2FA66C89E498} = {8F121714-CE16-4CF9-A12C-2A250A89B6BC}
		{8DD98D6A-F0FC-4886-8113-EA5AB49027F5} = {82AA925F-3BFF-4E1B-902A-2FA66C89E498}
		{215C1EF7-7266-4A39-AB40-4064FA74F7E7} = {1521E423-C85C-460F-A8F4-934B1554C0B3}
		{A6562D8D-650D-4BBA-A743-51761ED86DCB} = {215C1EF7-7266-4A39-AB40-4064FA74F7E7}
		{B51C8800-BF4E-4A46-B0D1-F06475A291D4} = {1521E423-C85C-460F-A8F4-934B1554C0B3}
		{E84BE9FB-CA50-4EAF-BDD4-AEB35BBB5CC3} = {B51C8800-BF4E-4A46-B0D1-F06475A291D4}
		{6965642D-A0F3-4499-A2B7-FFC5AC878065} = {1521E423-C85C-460F-A8F4-934B1554C0B3}
		{279C84A6-CC52-4C2F-B5AE-1F06A5900CE7} = {6965642D-A0F3-4499-A2B7-FFC5AC878065}
		{603E8BD2-FE0E-45DA-ACC0-F49D5EF79F2D} = {1521E423-C85C-460F-A8F4-934B1554C0B3}
		{97829F0F-DEE3-4165-A5C7-A3AB865EECC9} = {603E8BD2-FE0E-45DA-ACC0-F49D5EF79F2D}
		{26069D8B-2B90-4BB3-8FCE-BA47A34ABBD0} = {1521E423-C85C-460F-A8F4-934B1554C0B3}
		{9B5961E0-BBFA-4554-9AF5-43F180F93C1B} = {26069D8B-2B90-4BB3-8FCE-BA47A34ABBD0}
		{CA6FCEF8-BEEC-4405-88BF-573743731079} = {26069D8B-2B90-4BB3-8FCE-BA47A34ABBD0}
		{AE99EBAD-76E7-4736-B4D1-84C4CBF758F1} = {26069D8B-2B90-4BB3-8FCE-BA47A34ABBD0}
		{B3944D64-BBA7-4B50-A226-C18DAC0E8328} = {26069D8B-2B90-4BB3-8FCE-BA47A34ABBD0}
		{E30C54A4-CC00-4EF8-A1E5-03A47B4A91DF} = {1521E423-C85C-460F-A8F4-934B1554C0B3}
		{FD018087-E15E-47D2-9853-65F35C0AD141} = {E30C54A4-CC00-4EF8-A1E5-03A47B4A91DF}
	EndGlobalSection
	GlobalSection(ExtensibilityGlobals) = postSolution
		SolutionGuid = {ACC4842B-8AEF-4D0E-A904-4C823DC5CDA3}
	EndGlobalSection
EndGlobal
